
Microsoft Visual Studio Solution File, Format Version 12.00
# Visual Studio 15
VisualStudioVersion = 15.0.28307.271
MinimumVisualStudioVersion = 10.0.40219.1
Project("{FAE04EC0-301F-11D3-BF4B-00C04F79EFBC}") = "FilePractice", "FilePractice\FilePractice.csproj", "{D91453B0-FC6B-4B17-BB50-568369D02714}"
EndProject
Global
	GlobalSection(SolutionConfigurationPlatforms) = preSolution
		Debug|Any CPU = Debug|Any CPU
		Release|Any CPU = Release|Any CPU
	EndGlobalSection
	GlobalSection(ProjectConfigurationPlatforms) = postSolution
		{D91453B0-FC6B-4B17-BB50-568369D02714}.Debug|Any CPU.ActiveCfg = Debug|Any CPU
		{D91453B0-FC6B-4B17-BB50-568369D02714}.Debug|Any CPU.Build.0 = Debug|Any CPU
		{D91453B0-FC6B-4B17-BB50-568369D02714}.Release|Any CPU.ActiveCfg = Release|Any CPU
		{D91453B0-FC6B-4B17-BB50-568369D02714}.Release|Any CPU.Build.0 = Release|Any CPU
	EndGlobalSection
	GlobalSection(SolutionProperties) = preSolution
		HideSolutionNode = FALSE
	EndGlobalSection
	GlobalSection(ExtensibilityGlobals) = postSolution
		SolutionGuid = {376E0F26-45C1-442E-B1D6-8ECB8DF116F4}
	EndGlobalSection
EndGlobal
